
Microsoft Visual Studio Solution File, Format Version 12.00
# Visual Studio 2013
VisualStudioVersion = 12.0.31101.0
MinimumVisualStudioVersion = 10.0.40219.1
Project("{FAE04EC0-301F-11D3-BF4B-00C04F79EFBC}") = "ProPaymentSummary.Web", "ProPaymentSummary.Web\ProPaymentSummary.Web.csproj", "{1B1A9F99-D3FE-4E46-98C5-CABD1E3529A2}"
EndProject
Project("{FAE04EC0-301F-11D3-BF4B-00C04F79EFBC}") = "ProPaymentSummary.Data", "ProPaymentSummary.Data\ProPaymentSummary.Data.csproj", "{FB822583-BD97-47BA-8171-DC47D2C36BC7}"
EndProject
Project("{FAE04EC0-301F-11D3-BF4B-00C04F79EFBC}") = "ProPaymentSummary.Service", "ProPaymentSummary.Service\ProPaymentSummary.Service.csproj", "{FC73ECE8-11CA-4661-97DC-447ABCCD2C6A}"
EndProject
Project("{FAE04EC0-301F-11D3-BF4B-00C04F79EFBC}") = "ProPaymentSummary.Entities", "ProPaymentSummary.Entities\ProPaymentSummary.Entities.csproj", "{17596385-2366-4946-8504-C1AF4FBF1C5F}"
EndProject
Project("{2150E333-8FDC-42A3-9474-1A3956D46DE8}") = ".nuget", ".nuget", "{98A6C12D-8C74-41A9-8BBC-1B7ED2BB34B4}"
	ProjectSection(SolutionItems) = preProject
		.nuget\NuGet.Config = .nuget\NuGet.Config
		.nuget\NuGet.exe = .nuget\NuGet.exe
		.nuget\NuGet.targets = .nuget\NuGet.targets
	EndProjectSection
EndProject
Project("{00D1A9C2-B5F0-4AF3-8072-F6C62B433612}") = "ProPaymentSummary.Database", "ProPaymentSummary.Database\ProPaymentSummary.Database.sqlproj", "{4EF2A05E-7721-478A-92D8-D0239BD035A3}"
EndProject
Global
	GlobalSection(SolutionConfigurationPlatforms) = preSolution
		Debug|Any CPU = Debug|Any CPU
		Release|Any CPU = Release|Any CPU
	EndGlobalSection
	GlobalSection(ProjectConfigurationPlatforms) = postSolution
		{1B1A9F99-D3FE-4E46-98C5-CABD1E3529A2}.Debug|Any CPU.ActiveCfg = Debug|Any CPU
		{1B1A9F99-D3FE-4E46-98C5-CABD1E3529A2}.Debug|Any CPU.Build.0 = Debug|Any CPU
		{1B1A9F99-D3FE-4E46-98C5-CABD1E3529A2}.Release|Any CPU.ActiveCfg = Release|Any CPU
		{1B1A9F99-D3FE-4E46-98C5-CABD1E3529A2}.Release|Any CPU.Build.0 = Release|Any CPU
		{FB822583-BD97-47BA-8171-DC47D2C36BC7}.Debug|Any CPU.ActiveCfg = Debug|Any CPU
		{FB822583-BD97-47BA-8171-DC47D2C36BC7}.Debug|Any CPU.Build.0 = Debug|Any CPU
		{FB822583-BD97-47BA-8171-DC47D2C36BC7}.Release|Any CPU.ActiveCfg = Release|Any CPU
		{FB822583-BD97-47BA-8171-DC47D2C36BC7}.Release|Any CPU.Build.0 = Release|Any CPU
		{FC73ECE8-11CA-4661-97DC-447ABCCD2C6A}.Debug|Any CPU.ActiveCfg = Debug|Any CPU
		{FC73ECE8-11CA-4661-97DC-447ABCCD2C6A}.Debug|Any CPU.Build.0 = Debug|Any CPU
		{FC73ECE8-11CA-4661-97DC-447ABCCD2C6A}.Release|Any CPU.ActiveCfg = Release|Any CPU
		{FC73ECE8-11CA-4661-97DC-447ABCCD2C6A}.Release|Any CPU.Build.0 = Release|Any CPU
		{17596385-2366-4946-8504-C1AF4FBF1C5F}.Debug|Any CPU.ActiveCfg = Debug|Any CPU
		{17596385-2366-4946-8504-C1AF4FBF1C5F}.Debug|Any CPU.Build.0 = Debug|Any CPU
		{17596385-2366-4946-8504-C1AF4FBF1C5F}.Release|Any CPU.ActiveCfg = Release|Any CPU
		{17596385-2366-4946-8504-C1AF4FBF1C5F}.Release|Any CPU.Build.0 = Release|Any CPU
		{4EF2A05E-7721-478A-92D8-D0239BD035A3}.Debug|Any CPU.ActiveCfg = Debug|Any CPU
		{4EF2A05E-7721-478A-92D8-D0239BD035A3}.Debug|Any CPU.Build.0 = Debug|Any CPU
		{4EF2A05E-7721-478A-92D8-D0239BD035A3}.Debug|Any CPU.Deploy.0 = Debug|Any CPU
		{4EF2A05E-7721-478A-92D8-D0239BD035A3}.Release|Any CPU.ActiveCfg = Release|Any CPU
		{4EF2A05E-7721-478A-92D8-D0239BD035A3}.Release|Any CPU.Build.0 = Release|Any CPU
		{4EF2A05E-7721-478A-92D8-D0239BD035A3}.Release|Any CPU.Deploy.0 = Release|Any CPU
	EndGlobalSection
	GlobalSection(SolutionProperties) = preSolution
		HideSolutionNode = FALSE
	EndGlobalSection
EndGlobal
